
Microsoft Visual Studio Solution File, Format Version 12.00
# Visual Studio Version 16
VisualStudioVersion = 16.0.30717.126
MinimumVisualStudioVersion = 10.0.40219.1
Project("{FAE04EC0-301F-11D3-BF4B-00C04F79EFBC}") = "LabWinService", "LabWinService\LabWinService.csproj", "{4634711E-93FB-4E32-9875-DE760851313A}"
EndProject
Project("{FAE04EC0-301F-11D3-BF4B-00C04F79EFBC}") = "LabConsoleClient", "LabConsoleClient\LabConsoleClient.csproj", "{7365D35C-7B70-4F9A-9071-E51BFFC088B6}"
EndProject
Project("{FAE04EC0-301F-11D3-BF4B-00C04F79EFBC}") = "LabClassLibrary", "LabClassLibrary\LabClassLibrary.csproj", "{FF4F9145-1AEC-45A7-8E4A-C37D890D25B6}"
EndProject
Project("{FAE04EC0-301F-11D3-BF4B-00C04F79EFBC}") = "Common", "Common\Common.csproj", "{6AB58708-63E2-4432-9E74-12DE5A976362}"
EndProject
Project("{FAE04EC0-301F-11D3-BF4B-00C04F79EFBC}") = "LabServiceCore", "LabServiceCore\LabServiceCore.csproj", "{954F23A7-0687-4586-AA11-75E96D241CC2}"
EndProject
Global
	GlobalSection(SolutionConfigurationPlatforms) = preSolution
		Debug|Any CPU = Debug|Any CPU
		Release|Any CPU = Release|Any CPU
	EndGlobalSection
	GlobalSection(ProjectConfigurationPlatforms) = postSolution
		{4634711E-93FB-4E32-9875-DE760851313A}.Debug|Any CPU.ActiveCfg = Debug|Any CPU
		{4634711E-93FB-4E32-9875-DE760851313A}.Debug|Any CPU.Build.0 = Debug|Any CPU
		{4634711E-93FB-4E32-9875-DE760851313A}.Release|Any CPU.ActiveCfg = Release|Any CPU
		{4634711E-93FB-4E32-9875-DE760851313A}.Release|Any CPU.Build.0 = Release|Any CPU
		{7365D35C-7B70-4F9A-9071-E51BFFC088B6}.Debug|Any CPU.ActiveCfg = Debug|Any CPU
		{7365D35C-7B70-4F9A-9071-E51BFFC088B6}.Debug|Any CPU.Build.0 = Debug|Any CPU
		{7365D35C-7B70-4F9A-9071-E51BFFC088B6}.Release|Any CPU.ActiveCfg = Release|Any CPU
		{7365D35C-7B70-4F9A-9071-E51BFFC088B6}.Release|Any CPU.Build.0 = Release|Any CPU
		{FF4F9145-1AEC-45A7-8E4A-C37D890D25B6}.Debug|Any CPU.ActiveCfg = Debug|Any CPU
		{FF4F9145-1AEC-45A7-8E4A-C37D890D25B6}.Debug|Any CPU.Build.0 = Debug|Any CPU
		{FF4F9145-1AEC-45A7-8E4A-C37D890D25B6}.Release|Any CPU.ActiveCfg = Release|Any CPU
		{FF4F9145-1AEC-45A7-8E4A-C37D890D25B6}.Release|Any CPU.Build.0 = Release|Any CPU
		{6AB58708-63E2-4432-9E74-12DE5A976362}.Debug|Any CPU.ActiveCfg = Debug|Any CPU
		{6AB58708-63E2-4432-9E74-12DE5A976362}.Debug|Any CPU.Build.0 = Debug|Any CPU
		{6AB58708-63E2-4432-9E74-12DE5A976362}.Release|Any CPU.ActiveCfg = Release|Any CPU
		{6AB58708-63E2-4432-9E74-12DE5A976362}.Release|Any CPU.Build.0 = Release|Any CPU
		{954F23A7-0687-4586-AA11-75E96D241CC2}.Debug|Any CPU.ActiveCfg = Debug|Any CPU
		{954F23A7-0687-4586-AA11-75E96D241CC2}.Debug|Any CPU.Build.0 = Debug|Any CPU
		{954F23A7-0687-4586-AA11-75E96D241CC2}.Release|Any CPU.ActiveCfg = Release|Any CPU
		{954F23A7-0687-4586-AA11-75E96D241CC2}.Release|Any CPU.Build.0 = Release|Any CPU
	EndGlobalSection
	GlobalSection(SolutionProperties) = preSolution
		HideSolutionNode = FALSE
	EndGlobalSection
	GlobalSection(ExtensibilityGlobals) = postSolution
		SolutionGuid = {938C0C7C-55C0-43D0-A9E4-B831E1E8EE23}
	EndGlobalSection
EndGlobal
